Microsoft Visual Studio Solution File, Format Version 8.00
Project("{8BC9CEB8-8B4A-11D0-8D11-00A0C91BC942}") = "game_shader_generic_sample", "game_shader_generic_sample.vcproj", "{41C4D199-4657-4E44-9C6C-8F101BB6F679}"
	ProjectSection(ProjectDependencies) = postProject
	EndProjectSection
EndProject
Global
	GlobalSection(SolutionConfiguration) = preSolution
		Debug = Debug
		Release = Release
	EndGlobalSection
	GlobalSection(ProjectConfiguration) = postSolution
		{41C4D199-4657-4E44-9C6C-8F101BB6F679}.Debug.ActiveCfg = Debug|Win32
		{41C4D199-4657-4E44-9C6C-8F101BB6F679}.Debug.Build.0 = Debug|Win32
		{41C4D199-4657-4E44-9C6C-8F101BB6F679}.Release.ActiveCfg = Release|Win32
		{41C4D199-4657-4E44-9C6C-8F101BB6F679}.Release.Build.0 = Release|Win32
	EndGlobalSection
	GlobalSection(ExtensibilityGlobals) = postSolution
	EndGlobalSection
	GlobalSection(ExtensibilityAddIns) = postSolution
	EndGlobalSection
EndGlobal
